// !$*UTF8*$!
{
	archiveVersion = 1;
	classes = {
	};
	objectVersion = 46;
	objects = {

/* Begin PBXBuildFile section */
		5222B704164AA34100584308 /* InfoPlist.strings in Resources */ = {isa = PBXBuildFile; fileRef = 5222B706164AA34100584308 /* InfoPlist.strings */; };
		5222B707164AA34F00584308 /* Localizable.strings in Resources */ = {isa = PBXBuildFile; fileRef = 5222B709164AA34F00584308 /* Localizable.strings */; };
		5222B70D164AAB7700584308 /* icon-57.png in Resources */ = {isa = PBXBuildFile; fileRef = 5222B70C164AAB7700584308 /* icon-57.png */; };
		5222B711164AAB8900584308 /* icon-72.png in Resources */ = {isa = PBXBuildFile; fileRef = 5222B710164AAB8900584308 /* icon-72.png */; };
		5222B71D164AAC2D00584308 /* icon-72@2x.png in Resources */ = {isa = PBXBuildFile; fileRef = 5222B71C164AAC2D00584308 /* icon-72@2x.png */; };
		5222B71F164AACA800584308 /* icon-57@2x.png in Resources */ = {isa = PBXBuildFile; fileRef = 5222B71E164AACA800584308 /* icon-57@2x.png */; };
		5222B724164AACBE00584308 /* icon-29.png in Resources */ = {isa = PBXBuildFile; fileRef = 5222B720164AACBE00584308 /* icon-29.png */; };
		5222B725164AACBE00584308 /* icon-29@2x.png in Resources */ = {isa = PBXBuildFile; fileRef = 5222B721164AACBE00584308 /* icon-29@2x.png */; };
		5222B726164AACBE00584308 /* icon-50.png in Resources */ = {isa = PBXBuildFile; fileRef = 5222B722164AACBE00584308 /* icon-50.png */; };
		5222B727164AACBE00584308 /* icon-50@2x.png in Resources */ = {isa = PBXBuildFile; fileRef = 5222B723164AACBE00584308 /* icon-50@2x.png */; };
		52260B3E163EA2D7009ABEF9 /* CFNetwork.framework in Frameworks */ = {isa = PBXBuildFile; fileRef = 52260B3D163EA2D7009ABEF9 /* CFNetwork.framework */; };
		52260B40163EA2DB009ABEF9 /* CoreData.framework in Frameworks */ = {isa = PBXBuildFile; fileRef = 52260B3F163EA2DB009ABEF9 /* CoreData.framework */; };
		52260B42163EA2E0009ABEF9 /* Security.framework in Frameworks */ = {isa = PBXBuildFile; fileRef = 52260B41163EA2E0009ABEF9 /* Security.framework */; };
		52260B44163EA2E6009ABEF9 /* MobileCoreServices.framework in Frameworks */ = {isa = PBXBuildFile; fileRef = 52260B43163EA2E6009ABEF9 /* MobileCoreServices.framework */; };
		52260B46163EA2EB009ABEF9 /* SystemConfiguration.framework in Frameworks */ = {isa = PBXBuildFile; fileRef = 52260B45163EA2EB009ABEF9 /* SystemConfiguration.framework */; };
		52260B4A163EA2F4009ABEF9 /* QuartzCore.framework in Frameworks */ = {isa = PBXBuildFile; fileRef = 52260B49163EA2F4009ABEF9 /* QuartzCore.framework */; };
		52260B4C163EA2F9009ABEF9 /* libRestKit.a in Frameworks */ = {isa = PBXBuildFile; fileRef = 52260B4B163EA2F9009ABEF9 /* libRestKit.a */; };
		52260B4F163EA3B6009ABEF9 /* DataBase.xcdatamodeld in Sources */ = {isa = PBXBuildFile; fileRef = 52260B4D163EA3B6009ABEF9 /* DataBase.xcdatamodeld */; };
		52260B63163EA512009ABEF9 /* _Post.m in Sources */ = {isa = PBXBuildFile; fileRef = 52260B62163EA512009ABEF9 /* _Post.m */; };
		52260B66163EA51A009ABEF9 /* Post.m in Sources */ = {isa = PBXBuildFile; fileRef = 52260B65163EA51A009ABEF9 /* Post.m */; };
		52260B69163EA5CC009ABEF9 /* ContentProvider.m in Sources */ = {isa = PBXBuildFile; fileRef = 52260B68163EA5CC009ABEF9 /* ContentProvider.m */; };
		52260B6C163EAE79009ABEF9 /* MappingProvider.m in Sources */ = {isa = PBXBuildFile; fileRef = 52260B6B163EAE79009ABEF9 /* MappingProvider.m */; };
		52260B75163EB436009ABEF9 /* TFHpple.m in Sources */ = {isa = PBXBuildFile; fileRef = 52260B72163EB436009ABEF9 /* TFHpple.m */; };
		52260B76163EB436009ABEF9 /* TFHppleElement.m in Sources */ = {isa = PBXBuildFile; fileRef = 52260B73163EB436009ABEF9 /* TFHppleElement.m */; };
		52260B77163EB436009ABEF9 /* XPathQuery.m in Sources */ = {isa = PBXBuildFile; fileRef = 52260B74163EB436009ABEF9 /* XPathQuery.m */; };
		52260B7A163EB44C009ABEF9 /* libxml2.2.dylib in Frameworks */ = {isa = PBXBuildFile; fileRef = 52260B79163EB44C009ABEF9 /* libxml2.2.dylib */; };
		52260B7D163EB538009ABEF9 /* RKObjectLoader+Extended.m in Sources */ = {isa = PBXBuildFile; fileRef = 52260B7C163EB538009ABEF9 /* RKObjectLoader+Extended.m */; };
		52260B97163EDFE0009ABEF9 /* MediaPlayer.framework in Frameworks */ = {isa = PBXBuildFile; fileRef = 52260B96163EDFE0009ABEF9 /* MediaPlayer.framework */; };
		52260BA2163EE9AD009ABEF9 /* GIFDownloader.m in Sources */ = {isa = PBXBuildFile; fileRef = 52260BA1163EE9AD009ABEF9 /* GIFDownloader.m */; };
		525344BB1647F58F007C5221 /* Parse.framework in Frameworks */ = {isa = PBXBuildFile; fileRef = 525344BA1647F58F007C5221 /* Parse.framework */; };
		525344BE1647F6D9007C5221 /* Accounts.framework in Frameworks */ = {isa = PBXBuildFile; fileRef = 525344BD1647F6D9007C5221 /* Accounts.framework */; settings = {ATTRIBUTES = (Weak, ); }; };
		525344C01647F6E0007C5221 /* libsqlite3.dylib in Frameworks */ = {isa = PBXBuildFile; fileRef = 525344BF1647F6E0007C5221 /* libsqlite3.dylib */; };
		525344C21647F6EA007C5221 /* Social.framework in Frameworks */ = {isa = PBXBuildFile; fileRef = 525344C11647F6EA007C5221 /* Social.framework */; settings = {ATTRIBUTES = (Weak, ); }; };
		525344C41647F6F5007C5221 /* StoreKit.framework in Frameworks */ = {isa = PBXBuildFile; fileRef = 525344C31647F6F5007C5221 /* StoreKit.framework */; };
		525344C61647F6FA007C5221 /* CoreLocation.framework in Frameworks */ = {isa = PBXBuildFile; fileRef = 525344C51647F6FA007C5221 /* CoreLocation.framework */; };
		525344C81647F704007C5221 /* AudioToolbox.framework in Frameworks */ = {isa = PBXBuildFile; fileRef = 525344C71647F704007C5221 /* AudioToolbox.framework */; };
		525344CA1647F70E007C5221 /* AdSupport.framework in Frameworks */ = {isa = PBXBuildFile; fileRef = 525344C91647F70E007C5221 /* AdSupport.framework */; settings = {ATTRIBUTES = (Weak, ); }; };
		5280784A164AA2FF008F9CC5 /* MainStoryboard_iPad.storyboard in Resources */ = {isa = PBXBuildFile; fileRef = 52807848164AA2FF008F9CC5 /* MainStoryboard_iPad.storyboard */; };
		5280784B164AA2FF008F9CC5 /* MainStoryboard_iPhone.storyboard in Resources */ = {isa = PBXBuildFile; fileRef = 52807849164AA2FF008F9CC5 /* MainStoryboard_iPhone.storyboard */; };
		52D030E816492AF200CF1C20 /* iAdNavigationController.m in Sources */ = {isa = PBXBuildFile; fileRef = 52D030E716492AF100CF1C20 /* iAdNavigationController.m */; };
		52D030FE16492DEA00CF1C20 /* iAd.framework in Frameworks */ = {isa = PBXBuildFile; fileRef = 52D030FD16492DEA00CF1C20 /* iAd.framework */; };
		52D03107164937AA00CF1C20 /* TimeScroller.bundle in Resources */ = {isa = PBXBuildFile; fileRef = 52D03104164937AA00CF1C20 /* TimeScroller.bundle */; };
		52D03108164937AA00CF1C20 /* TimeScroller.m in Sources */ = {isa = PBXBuildFile; fileRef = 52D03106164937AA00CF1C20 /* TimeScroller.m */; };
		52D03156164947EA00CF1C20 /* iAdSplitViewController.m in Sources */ = {isa = PBXBuildFile; fileRef = 52D03155164947D700CF1C20 /* iAdSplitViewController.m */; };
		52D031581649544000CF1C20 /* MessageUI.framework in Frameworks */ = {isa = PBXBuildFile; fileRef = 52D031571649544000CF1C20 /* MessageUI.framework */; };
		52D0315A1649563B00CF1C20 /* Twitter.framework in Frameworks */ = {isa = PBXBuildFile; fileRef = 52D031591649563B00CF1C20 /* Twitter.framework */; };
		52DC4244163FD05200B035B1 /* AVFoundation.framework in Frameworks */ = {isa = PBXBuildFile; fileRef = 52DC4243163FD05200B035B1 /* AVFoundation.framework */; };
		52DC4247163FD06500B035B1 /* CoreMedia.framework in Frameworks */ = {isa = PBXBuildFile; fileRef = 52DC4246163FD06500B035B1 /* CoreMedia.framework */; };
		52DC42491640068400B035B1 /* CoreVideo.framework in Frameworks */ = {isa = PBXBuildFile; fileRef = 52DC42481640068300B035B1 /* CoreVideo.framework */; };
		52FADB29163E7F3F0015F0DB /* UIKit.framework in Frameworks */ = {isa = PBXBuildFile; fileRef = 52FADB28163E7F3F0015F0DB /* UIKit.framework */; };
		52FADB2B163E7F3F0015F0DB /* Foundation.framework in Frameworks */ = {isa = PBXBuildFile; fileRef = 52FADB2A163E7F3F0015F0DB /* Foundation.framework */; };
		52FADB2D163E7F3F0015F0DB /* CoreGraphics.framework in Frameworks */ = {isa = PBXBuildFile; fileRef = 52FADB2C163E7F3F0015F0DB /* CoreGraphics.framework */; };
		52FADB35163E7F3F0015F0DB /* main.m in Sources */ = {isa = PBXBuildFile; fileRef = 52FADB34163E7F3F0015F0DB /* main.m */; };
		52FADB39163E7F3F0015F0DB /* AppDelegate.m in Sources */ = {isa = PBXBuildFile; fileRef = 52FADB38163E7F3F0015F0DB /* AppDelegate.m */; };
		52FADB3B163E7F3F0015F0DB /* Default.png in Resources */ = {isa = PBXBuildFile; fileRef = 52FADB3A163E7F3F0015F0DB /* Default.png */; };
		52FADB3D163E7F3F0015F0DB /* Default@2x.png in Resources */ = {isa = PBXBuildFile; fileRef = 52FADB3C163E7F3F0015F0DB /* Default@2x.png */; };
		52FADB3F163E7F3F0015F0DB /* Default-568h@2x.png in Resources */ = {isa = PBXBuildFile; fileRef = 52FADB3E163E7F3F0015F0DB /* Default-568h@2x.png */; };
		52FADB48163E7F3F0015F0DB /* MasterViewController.m in Sources */ = {isa = PBXBuildFile; fileRef = 52FADB47163E7F3F0015F0DB /* MasterViewController.m */; };
		52FADB4B163E7F3F0015F0DB /* DetailViewController.m in Sources */ = {isa = PBXBuildFile; fileRef = 52FADB4A163E7F3F0015F0DB /* DetailViewController.m */; };
		52FDD31E16413F550042CCDC /* ImageIO.framework in Frameworks */ = {isa = PBXBuildFile; fileRef = 52FDD31D16413F550042CCDC /* ImageIO.framework */; };
		DA638E971641A2AD0005E263 /* TumblrObjectPaginator.m in Sources */ = {isa = PBXBuildFile; fileRef = DA638E961641A2AD0005E263 /* TumblrObjectPaginator.m */; };
/* End PBXBuildFile section */

/* Begin PBXFileReference section */
		5222B705164AA34100584308 /* en */ = {isa = PBXFileReference; lastKnownFileType = text.plist.strings; name = en; path = en.lproj/InfoPlist.strings; sourceTree = "<group>"; };
		5222B708164AA34F00584308 /* en */ = {isa = PBXFileReference; lastKnownFileType = text.plist.strings; name = en; path = en.lproj/Localizable.strings; sourceTree = "<group>"; };
		5222B70A164AA38800584308 /* fr */ = {isa = PBXFileReference; lastKnownFileType = text.plist.strings; name = fr; path = fr.lproj/InfoPlist.strings; sourceTree = "<group>"; };
		5222B70B164AA38800584308 /* fr */ = {isa = PBXFileReference; lastKnownFileType = text.plist.strings; name = fr; path = fr.lproj/Localizable.strings; sourceTree = "<group>"; };
		5222B70C164AAB7700584308 /* icon-57.png */ = {isa = PBXFileReference; lastKnownFileType = image.png; path = "icon-57.png"; sourceTree = "<group>"; };
		5222B710164AAB8900584308 /* icon-72.png */ = {isa = PBXFileReference; lastKnownFileType = image.png; path = "icon-72.png"; sourceTree = "<group>"; };
		5222B71C164AAC2D00584308 /* icon-72@2x.png */ = {isa = PBXFileReference; lastKnownFileType = image.png; path = "icon-72@2x.png"; sourceTree = "<group>"; };
		5222B71E164AACA800584308 /* icon-57@2x.png */ = {isa = PBXFileReference; lastKnownFileType = image.png; path = "icon-57@2x.png"; sourceTree = "<group>"; };
		5222B720164AACBE00584308 /* icon-29.png */ = {isa = PBXFileReference; lastKnownFileType = image.png; path = "icon-29.png"; sourceTree = "<group>"; };
		5222B721164AACBE00584308 /* icon-29@2x.png */ = {isa = PBXFileReference; lastKnownFileType = image.png; path = "icon-29@2x.png"; sourceTree = "<group>"; };
		5222B722164AACBE00584308 /* icon-50.png */ = {isa = PBXFileReference; lastKnownFileType = image.png; path = "icon-50.png"; sourceTree = "<group>"; };
		5222B723164AACBE00584308 /* icon-50@2x.png */ = {isa = PBXFileReference; lastKnownFileType = image.png; path = "icon-50@2x.png"; sourceTree = "<group>"; };
		52260B3D163EA2D7009ABEF9 /* CFNetwork.framework */ = {isa = PBXFileReference; lastKnownFileType = wrapper.framework; name = CFNetwork.framework; path = System/Library/Frameworks/CFNetwork.framework; sourceTree = SDKROOT; };
		52260B3F163EA2DB009ABEF9 /* CoreData.framework */ = {isa = PBXFileReference; lastKnownFileType = wrapper.framework; name = CoreData.framework; path = System/Library/Frameworks/CoreData.framework; sourceTree = SDKROOT; };
		52260B41163EA2E0009ABEF9 /* Security.framework */ = {isa = PBXFileReference; lastKnownFileType = wrapper.framework; name = Security.framework; path = System/Library/Frameworks/Security.framework; sourceTree = SDKROOT; };
		52260B43163EA2E6009ABEF9 /* MobileCoreServices.framework */ = {isa = PBXFileReference; lastKnownFileType = wrapper.framework; name = MobileCoreServices.framework; path = System/Library/Frameworks/MobileCoreServices.framework; sourceTree = SDKROOT; };
		52260B45163EA2EB009ABEF9 /* SystemConfiguration.framework */ = {isa = PBXFileReference; lastKnownFileType = wrapper.framework; name = SystemConfiguration.framework; path = System/Library/Frameworks/SystemConfiguration.framework; sourceTree = SDKROOT; };
		52260B47163EA2EF009ABEF9 /* libxml2.dylib */ = {isa = PBXFileReference; lastKnownFileType = "compiled.mach-o.dylib"; name = libxml2.dylib; path = usr/lib/libxml2.dylib; sourceTree = SDKROOT; };
		52260B49163EA2F4009ABEF9 /* QuartzCore.framework */ = {isa = PBXFileReference; lastKnownFileType = wrapper.framework; name = QuartzCore.framework; path = System/Library/Frameworks/QuartzCore.framework; sourceTree = SDKROOT; };
		52260B4B163EA2F9009ABEF9 /* libRestKit.a */ = {isa = PBXFileReference; lastKnownFileType = archive.ar; name = libRestKit.a; path = "../RestKit/Build/Products/Release-iphoneos/libRestKit.a"; sourceTree = "<group>"; };
		52260B4E163EA3B6009ABEF9 /* DataBase.xcdatamodel */ = {isa = PBXFileReference; lastKnownFileType = wrapper.xcdatamodel; path = DataBase.xcdatamodel; sourceTree = "<group>"; };
		52260B62163EA512009ABEF9 /* _Post.m */ = {isa = PBXFileReference; fileEncoding = 4; lastKnownFileType = sourcecode.c.objc; path = _Post.m; sourceTree = "<group>"; };
		52260B64163EA51A009ABEF9 /* Post.h */ = {isa = PBXFileReference; fileEncoding = 4; lastKnownFileType = sourcecode.c.h; path = Post.h; sourceTree = SOURCE_ROOT; };
		52260B65163EA51A009ABEF9 /* Post.m */ = {isa = PBXFileReference; fileEncoding = 4; lastKnownFileType = sourcecode.c.objc; path = Post.m; sourceTree = SOURCE_ROOT; };
		52260B67163EA5CC009ABEF9 /* ContentProvider.h */ = {isa = PBXFileReference; fileEncoding = 4; lastKnownFileType = sourcecode.c.h; path = ContentProvider.h; sourceTree = "<group>"; };
		52260B68163EA5CC009ABEF9 /* ContentProvider.m */ = {isa = PBXFileReference; fileEncoding = 4; lastKnownFileType = sourcecode.c.objc; path = ContentProvider.m; sourceTree = "<group>"; };
		52260B6A163EAE79009ABEF9 /* MappingProvider.h */ = {isa = PBXFileReference; fileEncoding = 4; lastKnownFileType = sourcecode.c.h; path = MappingProvider.h; sourceTree = "<group>"; };
		52260B6B163EAE79009ABEF9 /* MappingProvider.m */ = {isa = PBXFileReference; fileEncoding = 4; lastKnownFileType = sourcecode.c.objc; path = MappingProvider.m; sourceTree = "<group>"; };
		52260B72163EB436009ABEF9 /* TFHpple.m */ = {isa = PBXFileReference; fileEncoding = 4; lastKnownFileType = sourcecode.c.objc; name = TFHpple.m; path = ../hpple/TFHpple.m; sourceTree = "<group>"; };
		52260B73163EB436009ABEF9 /* TFHppleElement.m */ = {isa = PBXFileReference; fileEncoding = 4; lastKnownFileType = sourcecode.c.objc; name = TFHppleElement.m; path = ../hpple/TFHppleElement.m; sourceTree = "<group>"; };
		52260B74163EB436009ABEF9 /* XPathQuery.m */ = {isa = PBXFileReference; fileEncoding = 4; lastKnownFileType = sourcecode.c.objc; name = XPathQuery.m; path = ../hpple/XPathQuery.m; sourceTree = "<group>"; };
		52260B79163EB44C009ABEF9 /* libxml2.2.dylib */ = {isa = PBXFileReference; lastKnownFileType = "compiled.mach-o.dylib"; name = libxml2.2.dylib; path = usr/lib/libxml2.2.dylib; sourceTree = SDKROOT; };
		52260B7B163EB538009ABEF9 /* RKObjectLoader+Extended.h */ = {isa = PBXFileReference; fileEncoding = 4; lastKnownFileType = sourcecode.c.h; path = "RKObjectLoader+Extended.h"; sourceTree = "<group>"; };
		52260B7C163EB538009ABEF9 /* RKObjectLoader+Extended.m */ = {isa = PBXFileReference; fileEncoding = 4; lastKnownFileType = sourcecode.c.objc; path = "RKObjectLoader+Extended.m"; sourceTree = "<group>"; };
		52260B96163EDFE0009ABEF9 /* MediaPlayer.framework */ = {isa = PBXFileReference; lastKnownFileType = wrapper.framework; name = MediaPlayer.framework; path = System/Library/Frameworks/MediaPlayer.framework; sourceTree = SDKROOT; };
		52260BA0163EE9AD009ABEF9 /* GIFDownloader.h */ = {isa = PBXFileReference; fileEncoding = 4; lastKnownFileType = sourcecode.c.h; path = GIFDownloader.h; sourceTree = "<group>"; };
		52260BA1163EE9AD009ABEF9 /* GIFDownloader.m */ = {isa = PBXFileReference; fileEncoding = 4; lastKnownFileType = sourcecode.c.objc; path = GIFDownloader.m; sourceTree = "<group>"; };
		525344BA1647F58F007C5221 /* Parse.framework */ = {isa = PBXFileReference; lastKnownFileType = wrapper.framework; path = Parse.framework; sourceTree = "<group>"; };
		525344BD1647F6D9007C5221 /* Accounts.framework */ = {isa = PBXFileReference; lastKnownFileType = wrapper.framework; name = Accounts.framework; path = System/Library/Frameworks/Accounts.framework; sourceTree = SDKROOT; };
		525344BF1647F6E0007C5221 /* libsqlite3.dylib */ = {isa = PBXFileReference; lastKnownFileType = "compiled.mach-o.dylib"; name = libsqlite3.dylib; path = usr/lib/libsqlite3.dylib; sourceTree = SDKROOT; };
		525344C11647F6EA007C5221 /* Social.framework */ = {isa = PBXFileReference; lastKnownFileType = wrapper.framework; name = Social.framework; path = System/Library/Frameworks/Social.framework; sourceTree = SDKROOT; };
		525344C31647F6F5007C5221 /* StoreKit.framework */ = {isa = PBXFileReference; lastKnownFileType = wrapper.framework; name = StoreKit.framework; path = System/Library/Frameworks/StoreKit.framework; sourceTree = SDKROOT; };
		525344C51647F6FA007C5221 /* CoreLocation.framework */ = {isa = PBXFileReference; lastKnownFileType = wrapper.framework; name = CoreLocation.framework; path = System/Library/Frameworks/CoreLocation.framework; sourceTree = SDKROOT; };
		525344C71647F704007C5221 /* AudioToolbox.framework */ = {isa = PBXFileReference; lastKnownFileType = wrapper.framework; name = AudioToolbox.framework; path = System/Library/Frameworks/AudioToolbox.framework; sourceTree = SDKROOT; };
		525344C91647F70E007C5221 /* AdSupport.framework */ = {isa = PBXFileReference; lastKnownFileType = wrapper.framework; name = AdSupport.framework; path = System/Library/Frameworks/AdSupport.framework; sourceTree = SDKROOT; };
		52807848164AA2FF008F9CC5 /* MainStoryboard_iPad.storyboard */ = {isa = PBXFileReference; fileEncoding = 4; lastKnownFileType = file.storyboard; name = MainStoryboard_iPad.storyboard; path = TheJoysOfCode/MainStoryboard_iPad.storyboard; sourceTree = "<group>"; };
		52807849164AA2FF008F9CC5 /* MainStoryboard_iPhone.storyboard */ = {isa = PBXFileReference; fileEncoding = 4; lastKnownFileType = file.storyboard; name = MainStoryboard_iPhone.storyboard; path = TheJoysOfCode/MainStoryboard_iPhone.storyboard; sourceTree = "<group>"; };
		52D030E616492AF100CF1C20 /* iAdNavigationController.h */ = {isa = PBXFileReference; fileEncoding = 4; lastKnownFileType = sourcecode.c.h; path = iAdNavigationController.h; sourceTree = "<group>"; };
		52D030E716492AF100CF1C20 /* iAdNavigationController.m */ = {isa = PBXFileReference; fileEncoding = 4; lastKnownFileType = sourcecode.c.objc; path = iAdNavigationController.m; sourceTree = "<group>"; };
		52D030FD16492DEA00CF1C20 /* iAd.framework */ = {isa = PBXFileReference; lastKnownFileType = wrapper.framework; name = iAd.framework; path = System/Library/Frameworks/iAd.framework; sourceTree = SDKROOT; };
		52D03104164937AA00CF1C20 /* TimeScroller.bundle */ = {isa = PBXFileReference; lastKnownFileType = "wrapper.plug-in"; name = TimeScroller.bundle; path = ../TimeScroller/TimerScroller/TimeScroller.bundle; sourceTree = "<group>"; };
		52D03105164937AA00CF1C20 /* TimeScroller.h */ = {isa = PBXFileReference; fileEncoding = 4; lastKnownFileType = sourcecode.c.h; name = TimeScroller.h; path = ../TimeScroller/TimerScroller/TimeScroller.h; sourceTree = "<group>"; };
		52D03106164937AA00CF1C20 /* TimeScroller.m */ = {isa = PBXFileReference; fileEncoding = 4; lastKnownFileType = sourcecode.c.objc; name = TimeScroller.m; path = ../TimeScroller/TimerScroller/TimeScroller.m; sourceTree = "<group>"; };
		52D03154164947CD00CF1C20 /* iAdSplitViewController.h */ = {isa = PBXFileReference; fileEncoding = 4; lastKnownFileType = sourcecode.c.h; path = iAdSplitViewController.h; sourceTree = "<group>"; };
		52D03155164947D700CF1C20 /* iAdSplitViewController.m */ = {isa = PBXFileReference; fileEncoding = 4; lastKnownFileType = sourcecode.c.objc; path = iAdSplitViewController.m; sourceTree = "<group>"; };
		52D031571649544000CF1C20 /* MessageUI.framework */ = {isa = PBXFileReference; lastKnownFileType = wrapper.framework; name = MessageUI.framework; path = System/Library/Frameworks/MessageUI.framework; sourceTree = SDKROOT; };
		52D031591649563B00CF1C20 /* Twitter.framework */ = {isa = PBXFileReference; lastKnownFileType = wrapper.framework; name = Twitter.framework; path = System/Library/Frameworks/Twitter.framework; sourceTree = SDKROOT; };
		52DC4243163FD05200B035B1 /* AVFoundation.framework */ = {isa = PBXFileReference; lastKnownFileType = wrapper.framework; name = AVFoundation.framework; path = System/Library/Frameworks/AVFoundation.framework; sourceTree = SDKROOT; };
		52DC4246163FD06500B035B1 /* CoreMedia.framework */ = {isa = PBXFileReference; lastKnownFileType = wrapper.framework; name = CoreMedia.framework; path = System/Library/Frameworks/CoreMedia.framework; sourceTree = SDKROOT; };
		52DC42481640068300B035B1 /* CoreVideo.framework */ = {isa = PBXFileReference; lastKnownFileType = wrapper.framework; name = CoreVideo.framework; path = System/Library/Frameworks/CoreVideo.framework; sourceTree = SDKROOT; };
		52FADB24163E7F3F0015F0DB /* TheJoysOfCode.app */ = {isa = PBXFileReference; explicitFileType = wrapper.application; includeInIndex = 0; path = TheJoysOfCode.app; sourceTree = BUILT_PRODUCTS_DIR; };
		52FADB28163E7F3F0015F0DB /* UIKit.framework */ = {isa = PBXFileReference; lastKnownFileType = wrapper.framework; name = UIKit.framework; path = System/Library/Frameworks/UIKit.framework; sourceTree = SDKROOT; };
		52FADB2A163E7F3F0015F0DB /* Foundation.framework */ = {isa = PBXFileReference; lastKnownFileType = wrapper.framework; name = Foundation.framework; path = System/Library/Frameworks/Foundation.framework; sourceTree = SDKROOT; };
		52FADB2C163E7F3F0015F0DB /* CoreGraphics.framework */ = {isa = PBXFileReference; lastKnownFileType = wrapper.framework; name = CoreGraphics.framework; path = System/Library/Frameworks/CoreGraphics.framework; sourceTree = SDKROOT; };
		52FADB30163E7F3F0015F0DB /* TheJoysOfCode-Info.plist */ = {isa = PBXFileReference; lastKnownFileType = text.plist.xml; name = "TheJoysOfCode-Info.plist"; path = "TheJoysOfCode/TheJoysOfCode-Info.plist"; sourceTree = "<group>"; };
		52FADB34163E7F3F0015F0DB /* main.m */ = {isa = PBXFileReference; lastKnownFileType = sourcecode.c.objc; name = main.m; path = TheJoysOfCode/main.m; sourceTree = "<group>"; };
		52FADB36163E7F3F0015F0DB /* TheJoysOfCode-Prefix.pch */ = {isa = PBXFileReference; lastKnownFileType = sourcecode.c.h; path = "TheJoysOfCode-Prefix.pch"; sourceTree = "<group>"; };
		52FADB37163E7F3F0015F0DB /* AppDelegate.h */ = {isa = PBXFileReference; lastKnownFileType = sourcecode.c.h; path = AppDelegate.h; sourceTree = "<group>"; };
		52FADB38163E7F3F0015F0DB /* AppDelegate.m */ = {isa = PBXFileReference; lastKnownFileType = sourcecode.c.objc; path = AppDelegate.m; sourceTree = "<group>"; };
		52FADB3A163E7F3F0015F0DB /* Default.png */ = {isa = PBXFileReference; lastKnownFileType = image.png; name = Default.png; path = TheJoysOfCode/Default.png; sourceTree = "<group>"; };
		52FADB3C163E7F3F0015F0DB /* Default@2x.png */ = {isa = PBXFileReference; lastKnownFileType = image.png; name = "Default@2x.png"; path = "TheJoysOfCode/Default@2x.png"; sourceTree = "<group>"; };
		52FADB3E163E7F3F0015F0DB /* Default-568h@2x.png */ = {isa = PBXFileReference; lastKnownFileType = image.png; name = "Default-568h@2x.png"; path = "TheJoysOfCode/Default-568h@2x.png"; sourceTree = "<group>"; };
		52FADB46163E7F3F0015F0DB /* MasterViewController.h */ = {isa = PBXFileReference; lastKnownFileType = sourcecode.c.h; path = MasterViewController.h; sourceTree = "<group>"; };
		52FADB47163E7F3F0015F0DB /* MasterViewController.m */ = {isa = PBXFileReference; lastKnownFileType = sourcecode.c.objc; path = MasterViewController.m; sourceTree = "<group>"; };
		52FADB49163E7F3F0015F0DB /* DetailViewController.h */ = {isa = PBXFileReference; lastKnownFileType = sourcecode.c.h; path = DetailViewController.h; sourceTree = "<group>"; };
		52FADB4A163E7F3F0015F0DB /* DetailViewController.m */ = {isa = PBXFileReference; lastKnownFileType = sourcecode.c.objc; path = DetailViewController.m; sourceTree = "<group>"; };
		52FDD31D16413F550042CCDC /* ImageIO.framework */ = {isa = PBXFileReference; lastKnownFileType = wrapper.framework; name = ImageIO.framework; path = System/Library/Frameworks/ImageIO.framework; sourceTree = SDKROOT; };
		DA638E951641A2AC0005E263 /* TumblrObjectPaginator.h */ = {isa = PBXFileReference; fileEncoding = 4; lastKnownFileType = sourcecode.c.h; path = TumblrObjectPaginator.h; sourceTree = "<group>"; };
		DA638E961641A2AD0005E263 /* TumblrObjectPaginator.m */ = {isa = PBXFileReference; fileEncoding = 4; lastKnownFileType = sourcecode.c.objc; path = TumblrObjectPaginator.m; sourceTree = "<group>"; };
/* End PBXFileReference section */

/* Begin PBXFrameworksBuildPhase section */
		52FADB21163E7F3F0015F0DB /* Frameworks */ = {
			isa = PBXFrameworksBuildPhase;
			buildActionMask = 2147483647;
			files = (
				52D0315A1649563B00CF1C20 /* Twitter.framework in Frameworks */,
				52D031581649544000CF1C20 /* MessageUI.framework in Frameworks */,
				52D030FE16492DEA00CF1C20 /* iAd.framework in Frameworks */,
				525344CA1647F70E007C5221 /* AdSupport.framework in Frameworks */,
				525344C81647F704007C5221 /* AudioToolbox.framework in Frameworks */,
				525344C61647F6FA007C5221 /* CoreLocation.framework in Frameworks */,
				525344C41647F6F5007C5221 /* StoreKit.framework in Frameworks */,
				525344C21647F6EA007C5221 /* Social.framework in Frameworks */,
				525344C01647F6E0007C5221 /* libsqlite3.dylib in Frameworks */,
				525344BE1647F6D9007C5221 /* Accounts.framework in Frameworks */,
				52FDD31E16413F550042CCDC /* ImageIO.framework in Frameworks */,
				52DC42491640068400B035B1 /* CoreVideo.framework in Frameworks */,
				52DC4247163FD06500B035B1 /* CoreMedia.framework in Frameworks */,
				52DC4244163FD05200B035B1 /* AVFoundation.framework in Frameworks */,
				52260B97163EDFE0009ABEF9 /* MediaPlayer.framework in Frameworks */,
				52260B7A163EB44C009ABEF9 /* libxml2.2.dylib in Frameworks */,
				52260B4C163EA2F9009ABEF9 /* libRestKit.a in Frameworks */,
				52260B4A163EA2F4009ABEF9 /* QuartzCore.framework in Frameworks */,
				52260B46163EA2EB009ABEF9 /* SystemConfiguration.framework in Frameworks */,
				52260B44163EA2E6009ABEF9 /* MobileCoreServices.framework in Frameworks */,
				52260B42163EA2E0009ABEF9 /* Security.framework in Frameworks */,
				52260B40163EA2DB009ABEF9 /* CoreData.framework in Frameworks */,
				52260B3E163EA2D7009ABEF9 /* CFNetwork.framework in Frameworks */,
				52FADB29163E7F3F0015F0DB /* UIKit.framework in Frameworks */,
				52FADB2B163E7F3F0015F0DB /* Foundation.framework in Frameworks */,
				52FADB2D163E7F3F0015F0DB /* CoreGraphics.framework in Frameworks */,
				525344BB1647F58F007C5221 /* Parse.framework in Frameworks */,
			);
			runOnlyForDeploymentPostprocessing = 0;
		};
/* End PBXFrameworksBuildPhase section */

/* Begin PBXGroup section */
		5222B728164AACCA00584308 /* Icons */ = {
			isa = PBXGroup;
			children = (
				5222B70C164AAB7700584308 /* icon-57.png */,
				5222B71E164AACA800584308 /* icon-57@2x.png */,
				5222B710164AAB8900584308 /* icon-72.png */,
				5222B71C164AAC2D00584308 /* icon-72@2x.png */,
				5222B720164AACBE00584308 /* icon-29.png */,
				5222B721164AACBE00584308 /* icon-29@2x.png */,
				5222B722164AACBE00584308 /* icon-50.png */,
				5222B723164AACBE00584308 /* icon-50@2x.png */,
			);
			name = Icons;
			sourceTree = "<group>";
		};
		5222B729164AACD200584308 /* Splash screens */ = {
			isa = PBXGroup;
			children = (
				52FADB3A163E7F3F0015F0DB /* Default.png */,
				52FADB3C163E7F3F0015F0DB /* Default@2x.png */,
				52FADB3E163E7F3F0015F0DB /* Default-568h@2x.png */,
			);
			name = "Splash screens";
			sourceTree = "<group>";
		};
		52260B60163EA503009ABEF9 /* Vendor */ = {
			isa = PBXGroup;
			children = (
				52D031031649379C00CF1C20 /* TimeScroller */,
				52260B78163EB439009ABEF9 /* Hpple */,
				52260B61163EA507009ABEF9 /* Mogenerator */,
			);
			name = Vendor;
			sourceTree = "<group>";
		};
		52260B61163EA507009ABEF9 /* Mogenerator */ = {
			isa = PBXGroup;
			children = (
				52260B62163EA512009ABEF9 /* _Post.m */,
			);
			name = Mogenerator;
			sourceTree = "<group>";
		};
		52260B78163EB439009ABEF9 /* Hpple */ = {
			isa = PBXGroup;
			children = (
				52260B72163EB436009ABEF9 /* TFHpple.m */,
				52260B73163EB436009ABEF9 /* TFHppleElement.m */,
				52260B74163EB436009ABEF9 /* XPathQuery.m */,
			);
			name = Hpple;
			sourceTree = "<group>";
		};
		52D031031649379C00CF1C20 /* TimeScroller */ = {
			isa = PBXGroup;
			children = (
				52D03104164937AA00CF1C20 /* TimeScroller.bundle */,
				52D03105164937AA00CF1C20 /* TimeScroller.h */,
				52D03106164937AA00CF1C20 /* TimeScroller.m */,
			);
			name = TimeScroller;
			sourceTree = "<group>";
		};
		52FADB19163E7F3E0015F0DB = {
			isa = PBXGroup;
			children = (
				52260B60163EA503009ABEF9 /* Vendor */,
				52FADB2E163E7F3F0015F0DB /* Code */,
				52FADB34163E7F3F0015F0DB /* main.m */,
				52FADB5D163E7F870015F0DB /* Resources */,
				52FADB27163E7F3F0015F0DB /* Frameworks */,
				52FADB25163E7F3F0015F0DB /* Products */,
			);
			sourceTree = "<group>";
		};
		52FADB25163E7F3F0015F0DB /* Products */ = {
			isa = PBXGroup;
			children = (
				52FADB24163E7F3F0015F0DB /* TheJoysOfCode.app */,
			);
			name = Products;
			sourceTree = "<group>";
		};
		52FADB27163E7F3F0015F0DB /* Frameworks */ = {
			isa = PBXGroup;
			children = (
				52D031591649563B00CF1C20 /* Twitter.framework */,
				52D031571649544000CF1C20 /* MessageUI.framework */,
				52D030FD16492DEA00CF1C20 /* iAd.framework */,
				525344C91647F70E007C5221 /* AdSupport.framework */,
				525344C71647F704007C5221 /* AudioToolbox.framework */,
				525344C51647F6FA007C5221 /* CoreLocation.framework */,
				525344C31647F6F5007C5221 /* StoreKit.framework */,
				525344C11647F6EA007C5221 /* Social.framework */,
				525344BF1647F6E0007C5221 /* libsqlite3.dylib */,
				525344BD1647F6D9007C5221 /* Accounts.framework */,
				525344BA1647F58F007C5221 /* Parse.framework */,
				52FDD31D16413F550042CCDC /* ImageIO.framework */,
				52DC42481640068300B035B1 /* CoreVideo.framework */,
				52DC4246163FD06500B035B1 /* CoreMedia.framework */,
				52DC4243163FD05200B035B1 /* AVFoundation.framework */,
				52260B96163EDFE0009ABEF9 /* MediaPlayer.framework */,
				52260B79163EB44C009ABEF9 /* libxml2.2.dylib */,
				52260B4B163EA2F9009ABEF9 /* libRestKit.a */,
				52260B49163EA2F4009ABEF9 /* QuartzCore.framework */,
				52260B47163EA2EF009ABEF9 /* libxml2.dylib */,
				52260B45163EA2EB009ABEF9 /* SystemConfiguration.framework */,
				52260B43163EA2E6009ABEF9 /* MobileCoreServices.framework */,
				52260B41163EA2E0009ABEF9 /* Security.framework */,
				52260B3F163EA2DB009ABEF9 /* CoreData.framework */,
				52260B3D163EA2D7009ABEF9 /* CFNetwork.framework */,
				52FADB28163E7F3F0015F0DB /* UIKit.framework */,
				52FADB2A163E7F3F0015F0DB /* Foundation.framework */,
				52FADB2C163E7F3F0015F0DB /* CoreGraphics.framework */,
			);
			name = Frameworks;
			sourceTree = "<group>";
		};
		52FADB2E163E7F3F0015F0DB /* Code */ = {
			isa = PBXGroup;
			children = (
				52FADB36163E7F3F0015F0DB /* TheJoysOfCode-Prefix.pch */,
				52FADB53163E7F4F0015F0DB /* Models */,
				52FADB52163E7F4D0015F0DB /* Views */,
				52FADB51163E7F4C0015F0DB /* Controllers */,
			);
			name = Code;
			path = TheJoysOfCode;
			sourceTree = "<group>";
		};
		52FADB51163E7F4C0015F0DB /* Controllers */ = {
			isa = PBXGroup;
			children = (
				52FADB46163E7F3F0015F0DB /* MasterViewController.h */,
				52FADB47163E7F3F0015F0DB /* MasterViewController.m */,
				52FADB49163E7F3F0015F0DB /* DetailViewController.h */,
				52FADB4A163E7F3F0015F0DB /* DetailViewController.m */,
				52FADB37163E7F3F0015F0DB /* AppDelegate.h */,
				52FADB38163E7F3F0015F0DB /* AppDelegate.m */,
				52D030E616492AF100CF1C20 /* iAdNavigationController.h */,
				52D030E716492AF100CF1C20 /* iAdNavigationController.m */,
				52D03154164947CD00CF1C20 /* iAdSplitViewController.h */,
				52D03155164947D700CF1C20 /* iAdSplitViewController.m */,
			);
			name = Controllers;
			sourceTree = "<group>";
		};
		52FADB52163E7F4D0015F0DB /* Views */ = {
			isa = PBXGroup;
			children = (
			);
			name = Views;
			sourceTree = "<group>";
		};
		52FADB53163E7F4F0015F0DB /* Models */ = {
			isa = PBXGroup;
			children = (
				52260B7B163EB538009ABEF9 /* RKObjectLoader+Extended.h */,
				52260B7C163EB538009ABEF9 /* RKObjectLoader+Extended.m */,
				52260B64163EA51A009ABEF9 /* Post.h */,
				52260B65163EA51A009ABEF9 /* Post.m */,
				52260B67163EA5CC009ABEF9 /* ContentProvider.h */,
				52260B68163EA5CC009ABEF9 /* ContentProvider.m */,
				52260B6A163EAE79009ABEF9 /* MappingProvider.h */,
				52260B6B163EAE79009ABEF9 /* MappingProvider.m */,
				52260BA0163EE9AD009ABEF9 /* GIFDownloader.h */,
				52260BA1163EE9AD009ABEF9 /* GIFDownloader.m */,
				DA638E951641A2AC0005E263 /* TumblrObjectPaginator.h */,
				DA638E961641A2AD0005E263 /* TumblrObjectPaginator.m */,
			);
			name = Models;
			sourceTree = "<group>";
		};
		52FADB5D163E7F870015F0DB /* Resources */ = {
			isa = PBXGroup;
			children = (
				52FADB30163E7F3F0015F0DB /* TheJoysOfCode-Info.plist */,
				52FADB61163E7FC50015F0DB /* Storyboards */,
				52FADB60163E7FBA0015F0DB /* Images */,
				52FADB5F163E7FB20015F0DB /* Strings */,
				52260B4D163EA3B6009ABEF9 /* DataBase.xcdatamodeld */,
			);
			name = Resources;
			sourceTree = "<group>";
		};
		52FADB5F163E7FB20015F0DB /* Strings */ = {
			isa = PBXGroup;
			children = (
				5222B706164AA34100584308 /* InfoPlist.strings */,
				5222B709164AA34F00584308 /* Localizable.strings */,
			);
			name = Strings;
			sourceTree = "<group>";
		};
		52FADB60163E7FBA0015F0DB /* Images */ = {
			isa = PBXGroup;
			children = (
				5222B729164AACD200584308 /* Splash screens */,
				5222B728164AACCA00584308 /* Icons */,
			);
			name = Images;
			sourceTree = "<group>";
		};
		52FADB61163E7FC50015F0DB /* Storyboards */ = {
			isa = PBXGroup;
			children = (
				52807848164AA2FF008F9CC5 /* MainStoryboard_iPad.storyboard */,
				52807849164AA2FF008F9CC5 /* MainStoryboard_iPhone.storyboard */,
			);
			name = Storyboards;
			sourceTree = "<group>";
		};
/* End PBXGroup section */

/* Begin PBXNativeTarget section */
		52FADB23163E7F3F0015F0DB /* TheJoysOfCode */ = {
			isa = PBXNativeTarget;
			buildConfigurationList = 52FADB4E163E7F3F0015F0DB /* Build configuration list for PBXNativeTarget "TheJoysOfCode" */;
			buildPhases = (
				52260B5F163EA3D3009ABEF9 /* ShellScript */,
				52FADB20163E7F3F0015F0DB /* Sources */,
				52FADB21163E7F3F0015F0DB /* Frameworks */,
				52FADB22163E7F3F0015F0DB /* Resources */,
			);
			buildRules = (
			);
			dependencies = (
			);
			name = TheJoysOfCode;
			productName = TheJoysOfCode;
			productReference = 52FADB24163E7F3F0015F0DB /* TheJoysOfCode.app */;
			productType = "com.apple.product-type.application";
		};
/* End PBXNativeTarget section */

/* Begin PBXProject section */
		52FADB1B163E7F3E0015F0DB /* Project object */ = {
			isa = PBXProject;
			attributes = {
				LastUpgradeCheck = 0450;
				ORGANIZATIONNAME = "Tall Developments";
			};
			buildConfigurationList = 52FADB1E163E7F3E0015F0DB /* Build configuration list for PBXProject "TheJoysOfCode" */;
			compatibilityVersion = "Xcode 3.2";
			developmentRegion = English;
			hasScannedForEncodings = 0;
			knownRegions = (
				en,
				fr,
			);
			mainGroup = 52FADB19163E7F3E0015F0DB;
			productRefGroup = 52FADB25163E7F3F0015F0DB /* Products */;
			projectDirPath = "";
			projectRoot = "";
			targets = (
				52FADB23163E7F3F0015F0DB /* TheJoysOfCode */,
			);
		};
/* End PBXProject section */

/* Begin PBXResourcesBuildPhase section */
		52FADB22163E7F3F0015F0DB /* Resources */ = {
			isa = PBXResourcesBuildPhase;
			buildActionMask = 2147483647;
			files = (
				52FADB3B163E7F3F0015F0DB /* Default.png in Resources */,
				52FADB3D163E7F3F0015F0DB /* Default@2x.png in Resources */,
				52FADB3F163E7F3F0015F0DB /* Default-568h@2x.png in Resources */,
				52D03107164937AA00CF1C20 /* TimeScroller.bundle in Resources */,
				5280784A164AA2FF008F9CC5 /* MainStoryboard_iPad.storyboard in Resources */,
				5280784B164AA2FF008F9CC5 /* MainStoryboard_iPhone.storyboard in Resources */,
				5222B704164AA34100584308 /* InfoPlist.strings in Resources */,
				5222B707164AA34F00584308 /* Localizable.strings in Resources */,
				5222B70D164AAB7700584308 /* icon-57.png in Resources */,
				5222B711164AAB8900584308 /* icon-72.png in Resources */,
				5222B71D164AAC2D00584308 /* icon-72@2x.png in Resources */,
				5222B71F164AACA800584308 /* icon-57@2x.png in Resources */,
				5222B724164AACBE00584308 /* icon-29.png in Resources */,
				5222B725164AACBE00584308 /* icon-29@2x.png in Resources */,
				5222B726164AACBE00584308 /* icon-50.png in Resources */,
				5222B727164AACBE00584308 /* icon-50@2x.png in Resources */,
			);
			runOnlyForDeploymentPostprocessing = 0;
		};
/* End PBXResourcesBuildPhase section */

/* Begin PBXShellScriptBuildPhase section */
		52260B5F163EA3D3009ABEF9 /* ShellScript */ = {
			isa = PBXShellScriptBuildPhase;
			buildActionMask = 2147483647;
			files = (
			);
			inputPaths = (
			);
			outputPaths = (
			);
			runOnlyForDeploymentPostprocessing = 0;
			shellPath = /bin/sh;
			shellScript = "mogenerator -m \"DataBase.xcdatamodeld/DataBase.xcdatamodel\" --template-var arc=true";
		};
/* End PBXShellScriptBuildPhase section */

/* Begin PBXSourcesBuildPhase section */
		52FADB20163E7F3F0015F0DB /* Sources */ = {
			isa = PBXSourcesBuildPhase;
			buildActionMask = 2147483647;
			files = (
				52FADB35163E7F3F0015F0DB /* main.m in Sources */,
				52FADB39163E7F3F0015F0DB /* AppDelegate.m in Sources */,
				52FADB48163E7F3F0015F0DB /* MasterViewController.m in Sources */,
				52FADB4B163E7F3F0015F0DB /* DetailViewController.m in Sources */,
				52260B4F163EA3B6009ABEF9 /* DataBase.xcdatamodeld in Sources */,
				52260B63163EA512009ABEF9 /* _Post.m in Sources */,
				52260B66163EA51A009ABEF9 /* Post.m in Sources */,
				52260B69163EA5CC009ABEF9 /* ContentProvider.m in Sources */,
				52260B6C163EAE79009ABEF9 /* MappingProvider.m in Sources */,
				52260B75163EB436009ABEF9 /* TFHpple.m in Sources */,
				52260B76163EB436009ABEF9 /* TFHppleElement.m in Sources */,
				52260B77163EB436009ABEF9 /* XPathQuery.m in Sources */,
				52260B7D163EB538009ABEF9 /* RKObjectLoader+Extended.m in Sources */,
				52260BA2163EE9AD009ABEF9 /* GIFDownloader.m in Sources */,
				DA638E971641A2AD0005E263 /* TumblrObjectPaginator.m in Sources */,
				52D030E816492AF200CF1C20 /* iAdNavigationController.m in Sources */,
				52D03108164937AA00CF1C20 /* TimeScroller.m in Sources */,
				52D03156164947EA00CF1C20 /* iAdSplitViewController.m in Sources */,
			);
			runOnlyForDeploymentPostprocessing = 0;
		};
/* End PBXSourcesBuildPhase section */

/* Begin PBXVariantGroup section */
		5222B706164AA34100584308 /* InfoPlist.strings */ = {
			isa = PBXVariantGroup;
			children = (
				5222B705164AA34100584308 /* en */,
				5222B70A164AA38800584308 /* fr */,
			);
			name = InfoPlist.strings;
			path = TheJoysOfCode;
			sourceTree = "<group>";
		};
		5222B709164AA34F00584308 /* Localizable.strings */ = {
			isa = PBXVariantGroup;
			children = (
				5222B708164AA34F00584308 /* en */,
				5222B70B164AA38800584308 /* fr */,
			);
			name = Localizable.strings;
			path = TheJoysOfCode;
			sourceTree = "<group>";
		};
/* End PBXVariantGroup section */

/* Begin XCBuildConfiguration section */
		52FADB4C163E7F3F0015F0DB /* Debug */ = {
			isa = XCBuildConfiguration;
			buildSettings = {
				ALWAYS_SEARCH_USER_PATHS = NO;
				CLANG_CXX_LANGUAGE_STANDARD = "gnu++0x";
				CLANG_CXX_LIBRARY = "libc++";
				CLANG_ENABLE_OBJC_ARC = YES;
				CLANG_WARN_EMPTY_BODY = YES;
				CLANG_WARN__DUPLICATE_METHOD_MATCH = YES;
				"CODE_SIGN_IDENTITY[sdk=iphoneos*]" = "iPhone Developer";
				COPY_PHASE_STRIP = NO;
				GCC_C_LANGUAGE_STANDARD = gnu99;
				GCC_DYNAMIC_NO_PIC = NO;
				GCC_OPTIMIZATION_LEVEL = 0;
				GCC_PREPROCESSOR_DEFINITIONS = (
					"DEBUG=1",
					"$(inherited)",
				);
				GCC_SYMBOLS_PRIVATE_EXTERN = NO;
				GCC_WARN_ABOUT_RETURN_TYPE = YES;
				GCC_WARN_UNINITIALIZED_AUTOS = YES;
				GCC_WARN_UNUSED_VARIABLE = YES;
				HEADER_SEARCH_PATHS = (
					"\"$(BUILT_PRODUCTS_DIR)/../../Headers\"",
					../hpple,
					"\"${SDKROOT}/usr/include/libxml2\"",
				);
				IPHONEOS_DEPLOYMENT_TARGET = 6.0;
				ONLY_ACTIVE_ARCH = YES;
				OTHER_LDFLAGS = (
					"-all_load",
					"-ObjC",
				);
				SDKROOT = iphoneos;
				TARGETED_DEVICE_FAMILY = "1,2";
			};
			name = Debug;
		};
		52FADB4D163E7F3F0015F0DB /* Release */ = {
			isa = XCBuildConfiguration;
			buildSettings = {
				ALWAYS_SEARCH_USER_PATHS = NO;
				CLANG_CXX_LANGUAGE_STANDARD = "gnu++0x";
				CLANG_CXX_LIBRARY = "libc++";
				CLANG_ENABLE_OBJC_ARC = YES;
				CLANG_WARN_EMPTY_BODY = YES;
				CLANG_WARN__DUPLICATE_METHOD_MATCH = YES;
				"CODE_SIGN_IDENTITY[sdk=iphoneos*]" = "iPhone Distribution";
				COPY_PHASE_STRIP = YES;
				GCC_C_LANGUAGE_STANDARD = gnu99;
				GCC_WARN_ABOUT_RETURN_TYPE = YES;
				GCC_WARN_UNINITIALIZED_AUTOS = YES;
				GCC_WARN_UNUSED_VARIABLE = YES;
				HEADER_SEARCH_PATHS = (
					"\"$(BUILT_PRODUCTS_DIR)/../../Headers\"",
					../hpple,
					"\"${SDKROOT}/usr/include/libxml2\"",
				);
				IPHONEOS_DEPLOYMENT_TARGET = 6.0;
				OTHER_CFLAGS = "-DNS_BLOCK_ASSERTIONS=1";
				OTHER_LDFLAGS = (
					"-all_load",
					"-ObjC",
				);
				"PROVISIONING_PROFILE[sdk=iphoneos*]" = "";
				SDKROOT = iphoneos;
				TARGETED_DEVICE_FAMILY = "1,2";
				VALIDATE_PRODUCT = YES;
			};
			name = Release;
		};
		52FADB4F163E7F3F0015F0DB /* Debug */ = {
			isa = XCBuildConfiguration;
			buildSettings = {
				FRAMEWORK_SEARCH_PATHS = (
					"$(inherited)",
					"\"$(SRCROOT)\"",
				);
				GCC_PRECOMPILE_PREFIX_HEADER = YES;
				GCC_PREFIX_HEADER = "TheJoysOfCode/TheJoysOfCode-Prefix.pch";
				INFOPLIST_FILE = "TheJoysOfCode/TheJoysOfCode-Info.plist";
				IPHONEOS_DEPLOYMENT_TARGET = 5.0;
				PRODUCT_NAME = "$(TARGET_NAME)";
				WRAPPER_EXTENSION = app;
			};
			name = Debug;
		};
		52FADB50163E7F3F0015F0DB /* Release */ = {
			isa = XCBuildConfiguration;
			buildSettings = {
				FRAMEWORK_SEARCH_PATHS = (
					"$(inherited)",
					"\"$(SRCROOT)\"",
				);
				GCC_PRECOMPILE_PREFIX_HEADER = YES;
				GCC_PREFIX_HEADER = "TheJoysOfCode/TheJoysOfCode-Prefix.pch";
				INFOPLIST_FILE = "TheJoysOfCode/TheJoysOfCode-Info.plist";
				IPHONEOS_DEPLOYMENT_TARGET = 5.0;
				PRODUCT_NAME = "$(TARGET_NAME)";
				WRAPPER_EXTENSION = app;
			};
			name = Release;
		};
/* End XCBuildConfiguration section */

/* Begin XCConfigurationList section */
		52FADB1E163E7F3E0015F0DB /* Build configuration list for PBXProject "TheJoysOfCode" */ = {
			isa = XCConfigurationList;
			buildConfigurations = (
				52FADB4C163E7F3F0015F0DB /* Debug */,
				52FADB4D163E7F3F0015F0DB /* Release */,
			);
			defaultConfigurationIsVisible = 0;
			defaultConfigurationName = Release;
		};
		52FADB4E163E7F3F0015F0DB /* Build configuration list for PBXNativeTarget "TheJoysOfCode" */ = {
			isa = XCConfigurationList;
			buildConfigurations = (
				52FADB4F163E7F3F0015F0DB /* Debug */,
				52FADB50163E7F3F0015F0DB /* Release */,
			);
			defaultConfigurationIsVisible = 0;
			defaultConfigurationName = Release;
		};
/* End XCConfigurationList section */

/* Begin XCVersionGroup section */
		52260B4D163EA3B6009ABEF9 /* DataBase.xcdatamodeld */ = {
			isa = XCVersionGroup;
			children = (
				52260B4E163EA3B6009ABEF9 /* DataBase.xcdatamodel */,
			);
			currentVersion = 52260B4E163EA3B6009ABEF9 /* DataBase.xcdatamodel */;
			path = DataBase.xcdatamodeld;
			sourceTree = "<group>";
			versionGroupType = wrapper.xcdatamodel;
		};
/* End XCVersionGroup section */
	};
	rootObject = 52FADB1B163E7F3E0015F0DB /* Project object */;
}
